
Microsoft Visual Studio Solution File, Format Version 12.00
# Visual Studio Version 16
VisualStudioVersion = 16.0.29905.134
MinimumVisualStudioVersion = 10.0.40219.1
Project("{FAE04EC0-301F-11D3-BF4B-00C04F79EFBC}") = "WebApiDeveloperChallenge", "WebApiDeveloperChallenge.csproj", "{7941E524-D7AD-462A-84C9-94340F58EB4E}"
EndProject
Global
	GlobalSection(SolutionConfigurationPlatforms) = preSolution
		Debug|Any CPU = Debug|Any CPU
		Release|Any CPU = Release|Any CPU
	EndGlobalSection
	GlobalSection(ProjectConfigurationPlatforms) = postSolution
		{7941E524-D7AD-462A-84C9-94340F58EB4E}.Debug|Any CPU.ActiveCfg = Debug|Any CPU
		{7941E524-D7AD-462A-84C9-94340F58EB4E}.Debug|Any CPU.Build.0 = Debug|Any CPU
		{7941E524-D7AD-462A-84C9-94340F58EB4E}.Release|Any CPU.ActiveCfg = Release|Any CPU
		{7941E524-D7AD-462A-84C9-94340F58EB4E}.Release|Any CPU.Build.0 = Release|Any CPU
	EndGlobalSection
	GlobalSection(SolutionProperties) = preSolution
		HideSolutionNode = FALSE
	EndGlobalSection
	GlobalSection(ExtensibilityGlobals) = postSolution
		SolutionGuid = {4030A7A5-0D55-4657-9E62-A5477DB906C7}
	EndGlobalSection
EndGlobal
